
Microsoft Visual Studio Solution File, Format Version 12.00
# Visual Studio 15
VisualStudioVersion = 15.0.27703.2042
MinimumVisualStudioVersion = 10.0.40219.1
Project("{FAE04EC0-301F-11D3-BF4B-00C04F79EFBC}") = "Swap", "Day3\Swap.csproj", "{65F24C05-94BF-4093-8F8F-49CCC0C1DCF9}"
EndProject
Project("{FAE04EC0-301F-11D3-BF4B-00C04F79EFBC}") = "Array", "Array\Array.csproj", "{98922054-88B5-4C1E-85E0-F45C82DB0AF8}"
EndProject
Project("{FAE04EC0-301F-11D3-BF4B-00C04F79EFBC}") = "Practice011", "Practice01\Practice011.csproj", "{60394767-0403-4637-AB43-22945799D7F1}"
EndProject
Project("{FAE04EC0-301F-11D3-BF4B-00C04F79EFBC}") = "Practice02", "Practice02\Practice02.csproj", "{E7F43BEA-5D6D-4BAB-9114-10B1ADCE848B}"
EndProject
Project("{FAE04EC0-301F-11D3-BF4B-00C04F79EFBC}") = "Practice03", "Practice03\Practice03.csproj", "{60B4204A-890A-46A7-8971-498B3F63478E}"
EndProject
Project("{FAE04EC0-301F-11D3-BF4B-00C04F79EFBC}") = "HashTable", "HashTable\HashTable.csproj", "{15924825-4B79-4C3A-ACDD-DF7B49AFF22C}"
EndProject
Project("{FAE04EC0-301F-11D3-BF4B-00C04F79EFBC}") = "HashTableGeneric", "HashTableGeneric\HashTableGeneric.csproj", "{B8AC9E38-8BDE-4F93-AFB9-9603988442D9}"
EndProject
Project("{FAE04EC0-301F-11D3-BF4B-00C04F79EFBC}") = "ShoppingCart", "Practice04\ShoppingCart.csproj", "{2C6A0A4E-3AA8-4A82-AB3E-40DDA9EFA7E8}"
EndProject
Project("{FAE04EC0-301F-11D3-BF4B-00C04F79EFBC}") = "OperatorOverload", "OperatorOverload\OperatorOverload.csproj", "{999DC1F8-6D11-443C-8E35-05013D89C478}"
EndProject
Project("{FAE04EC0-301F-11D3-BF4B-00C04F79EFBC}") = "Practice012", "Practice012\Practice012.csproj", "{BEE081EF-639B-4C81-BBE0-DD59E2F683C2}"
EndProject
Project("{FAE04EC0-301F-11D3-BF4B-00C04F79EFBC}") = "Practice013", "Practice013\Practice013.csproj", "{F0837B8B-CE0C-4AD6-BD40-4D88109CD836}"
EndProject
Project("{FAE04EC0-301F-11D3-BF4B-00C04F79EFBC}") = "Practice014", "Practice014\Practice014.csproj", "{8EBB4F8A-FC9E-4680-B1F7-8734B6C4F383}"
EndProject
Project("{FAE04EC0-301F-11D3-BF4B-00C04F79EFBC}") = "Practice015", "Practice015\Practice015.csproj", "{1BC9B619-89A4-48F7-8AA6-36177B82B201}"
EndProject
Project("{FAE04EC0-301F-11D3-BF4B-00C04F79EFBC}") = "Practice016", "Practice016\Practice016.csproj", "{0B02DE50-F1F1-4350-B41E-AD2F7A0DF629}"
EndProject
Project("{FAE04EC0-301F-11D3-BF4B-00C04F79EFBC}") = "Practice017", "Practice017\Practice017.csproj", "{9DB40EB2-2F7B-4514-BCD0-1DEB89BF4300}"
EndProject
Project("{FAE04EC0-301F-11D3-BF4B-00C04F79EFBC}") = "IndexerPractice01", "IndexerPractice01\IndexerPractice01.csproj", "{FBCCABD0-7BB9-4D6A-8F67-4BB850984FE0}"
EndProject
Project("{FAE04EC0-301F-11D3-BF4B-00C04F79EFBC}") = "Indexer01", "Indexer01\Indexer01.csproj", "{831ED06C-33CB-4000-93B7-911A2AE1422F}"
EndProject
Project("{FAE04EC0-301F-11D3-BF4B-00C04F79EFBC}") = "Indexer02", "Indexer02\Indexer02.csproj", "{715B84F5-A5E7-4677-9BCF-19E381A66586}"
EndProject
Project("{FAE04EC0-301F-11D3-BF4B-00C04F79EFBC}") = "Indexer03", "Indexer03\Indexer03.csproj", "{B7EB3416-78AE-4ED8-967E-2DCE521524E7}"
EndProject
Project("{FAE04EC0-301F-11D3-BF4B-00C04F79EFBC}") = "Indexer04", "Indexer04\Indexer04.csproj", "{F3DC4DD3-15F8-41CB-826B-E7A221957A04}"
EndProject
Project("{FAE04EC0-301F-11D3-BF4B-00C04F79EFBC}") = "IndexerPractice02", "IndexerPractice02\IndexerPractice02.csproj", "{2709A1FD-BB00-4AD3-A12E-8D6049B45115}"
EndProject
Project("{FAE04EC0-301F-11D3-BF4B-00C04F79EFBC}") = "IndexerPractice03", "IndexerPractice03\IndexerPractice03.csproj", "{45AF70E6-575B-4283-8850-3CC3592DC94D}"
EndProject
Global
	GlobalSection(SolutionConfigurationPlatforms) = preSolution
		Debug|Any CPU = Debug|Any CPU
		Release|Any CPU = Release|Any CPU
	EndGlobalSection
	GlobalSection(ProjectConfigurationPlatforms) = postSolution
		{65F24C05-94BF-4093-8F8F-49CCC0C1DCF9}.Debug|Any CPU.ActiveCfg = Debug|Any CPU
		{65F24C05-94BF-4093-8F8F-49CCC0C1DCF9}.Debug|Any CPU.Build.0 = Debug|Any CPU
		{65F24C05-94BF-4093-8F8F-49CCC0C1DCF9}.Release|Any CPU.ActiveCfg = Release|Any CPU
		{65F24C05-94BF-4093-8F8F-49CCC0C1DCF9}.Release|Any CPU.Build.0 = Release|Any CPU
		{98922054-88B5-4C1E-85E0-F45C82DB0AF8}.Debug|Any CPU.ActiveCfg = Debug|Any CPU
		{98922054-88B5-4C1E-85E0-F45C82DB0AF8}.Debug|Any CPU.Build.0 = Debug|Any CPU
		{98922054-88B5-4C1E-85E0-F45C82DB0AF8}.Release|Any CPU.ActiveCfg = Release|Any CPU
		{98922054-88B5-4C1E-85E0-F45C82DB0AF8}.Release|Any CPU.Build.0 = Release|Any CPU
		{60394767-0403-4637-AB43-22945799D7F1}.Debug|Any CPU.ActiveCfg = Debug|Any CPU
		{60394767-0403-4637-AB43-22945799D7F1}.Debug|Any CPU.Build.0 = Debug|Any CPU
		{60394767-0403-4637-AB43-22945799D7F1}.Release|Any CPU.ActiveCfg = Release|Any CPU
		{60394767-0403-4637-AB43-22945799D7F1}.Release|Any CPU.Build.0 = Release|Any CPU
		{E7F43BEA-5D6D-4BAB-9114-10B1ADCE848B}.Debug|Any CPU.ActiveCfg = Debug|Any CPU
		{E7F43BEA-5D6D-4BAB-9114-10B1ADCE848B}.Debug|Any CPU.Build.0 = Debug|Any CPU
		{E7F43BEA-5D6D-4BAB-9114-10B1ADCE848B}.Release|Any CPU.ActiveCfg = Release|Any CPU
		{E7F43BEA-5D6D-4BAB-9114-10B1ADCE848B}.Release|Any CPU.Build.0 = Release|Any CPU
		{60B4204A-890A-46A7-8971-498B3F63478E}.Debug|Any CPU.ActiveCfg = Debug|Any CPU
		{60B4204A-890A-46A7-8971-498B3F63478E}.Debug|Any CPU.Build.0 = Debug|Any CPU
		{60B4204A-890A-46A7-8971-498B3F63478E}.Release|Any CPU.ActiveCfg = Release|Any CPU
		{60B4204A-890A-46A7-8971-498B3F63478E}.Release|Any CPU.Build.0 = Release|Any CPU
		{15924825-4B79-4C3A-ACDD-DF7B49AFF22C}.Debug|Any CPU.ActiveCfg = Debug|Any CPU
		{15924825-4B79-4C3A-ACDD-DF7B49AFF22C}.Debug|Any CPU.Build.0 = Debug|Any CPU
		{15924825-4B79-4C3A-ACDD-DF7B49AFF22C}.Release|Any CPU.ActiveCfg = Release|Any CPU
		{15924825-4B79-4C3A-ACDD-DF7B49AFF22C}.Release|Any CPU.Build.0 = Release|Any CPU
		{B8AC9E38-8BDE-4F93-AFB9-9603988442D9}.Debug|Any CPU.ActiveCfg = Debug|Any CPU
		{B8AC9E38-8BDE-4F93-AFB9-9603988442D9}.Debug|Any CPU.Build.0 = Debug|Any CPU
		{B8AC9E38-8BDE-4F93-AFB9-9603988442D9}.Release|Any CPU.ActiveCfg = Release|Any CPU
		{B8AC9E38-8BDE-4F93-AFB9-9603988442D9}.Release|Any CPU.Build.0 = Release|Any CPU
		{2C6A0A4E-3AA8-4A82-AB3E-40DDA9EFA7E8}.Debug|Any CPU.ActiveCfg = Debug|Any CPU
		{2C6A0A4E-3AA8-4A82-AB3E-40DDA9EFA7E8}.Debug|Any CPU.Build.0 = Debug|Any CPU
		{2C6A0A4E-3AA8-4A82-AB3E-40DDA9EFA7E8}.Release|Any CPU.ActiveCfg = Release|Any CPU
		{2C6A0A4E-3AA8-4A82-AB3E-40DDA9EFA7E8}.Release|Any CPU.Build.0 = Release|Any CPU
		{999DC1F8-6D11-443C-8E35-05013D89C478}.Debug|Any CPU.ActiveCfg = Debug|Any CPU
		{999DC1F8-6D11-443C-8E35-05013D89C478}.Debug|Any CPU.Build.0 = Debug|Any CPU
		{999DC1F8-6D11-443C-8E35-05013D89C478}.Release|Any CPU.ActiveCfg = Release|Any CPU
		{999DC1F8-6D11-443C-8E35-05013D89C478}.Release|Any CPU.Build.0 = Release|Any CPU
		{BEE081EF-639B-4C81-BBE0-DD59E2F683C2}.Debug|Any CPU.ActiveCfg = Debug|Any CPU
		{BEE081EF-639B-4C81-BBE0-DD59E2F683C2}.Debug|Any CPU.Build.0 = Debug|Any CPU
		{BEE081EF-639B-4C81-BBE0-DD59E2F683C2}.Release|Any CPU.ActiveCfg = Release|Any CPU
		{BEE081EF-639B-4C81-BBE0-DD59E2F683C2}.Release|Any CPU.Build.0 = Release|Any CPU
		{F0837B8B-CE0C-4AD6-BD40-4D88109CD836}.Debug|Any CPU.ActiveCfg = Debug|Any CPU
		{F0837B8B-CE0C-4AD6-BD40-4D88109CD836}.Debug|Any CPU.Build.0 = Debug|Any CPU
		{F0837B8B-CE0C-4AD6-BD40-4D88109CD836}.Release|Any CPU.ActiveCfg = Release|Any CPU
		{F0837B8B-CE0C-4AD6-BD40-4D88109CD836}.Release|Any CPU.Build.0 = Release|Any CPU
		{8EBB4F8A-FC9E-4680-B1F7-8734B6C4F383}.Debug|Any CPU.ActiveCfg = Debug|Any CPU
		{8EBB4F8A-FC9E-4680-B1F7-8734B6C4F383}.Debug|Any CPU.Build.0 = Debug|Any CPU
		{8EBB4F8A-FC9E-4680-B1F7-8734B6C4F383}.Release|Any CPU.ActiveCfg = Release|Any CPU
		{8EBB4F8A-FC9E-4680-B1F7-8734B6C4F383}.Release|Any CPU.Build.0 = Release|Any CPU
		{1BC9B619-89A4-48F7-8AA6-36177B82B201}.Debug|Any CPU.ActiveCfg = Debug|Any CPU
		{1BC9B619-89A4-48F7-8AA6-36177B82B201}.Debug|Any CPU.Build.0 = Debug|Any CPU
		{1BC9B619-89A4-48F7-8AA6-36177B82B201}.Release|Any CPU.ActiveCfg = Release|Any CPU
		{1BC9B619-89A4-48F7-8AA6-36177B82B201}.Release|Any CPU.Build.0 = Release|Any CPU
		{0B02DE50-F1F1-4350-B41E-AD2F7A0DF629}.Debug|Any CPU.ActiveCfg = Debug|Any CPU
		{0B02DE50-F1F1-4350-B41E-AD2F7A0DF629}.Debug|Any CPU.Build.0 = Debug|Any CPU
		{0B02DE50-F1F1-4350-B41E-AD2F7A0DF629}.Release|Any CPU.ActiveCfg = Release|Any CPU
		{0B02DE50-F1F1-4350-B41E-AD2F7A0DF629}.Release|Any CPU.Build.0 = Release|Any CPU
		{9DB40EB2-2F7B-4514-BCD0-1DEB89BF4300}.Debug|Any CPU.ActiveCfg = Debug|Any CPU
		{9DB40EB2-2F7B-4514-BCD0-1DEB89BF4300}.Debug|Any CPU.Build.0 = Debug|Any CPU
		{9DB40EB2-2F7B-4514-BCD0-1DEB89BF4300}.Release|Any CPU.ActiveCfg = Release|Any CPU
		{9DB40EB2-2F7B-4514-BCD0-1DEB89BF4300}.Release|Any CPU.Build.0 = Release|Any CPU
		{FBCCABD0-7BB9-4D6A-8F67-4BB850984FE0}.Debug|Any CPU.ActiveCfg = Debug|Any CPU
		{FBCCABD0-7BB9-4D6A-8F67-4BB850984FE0}.Debug|Any CPU.Build.0 = Debug|Any CPU
		{FBCCABD0-7BB9-4D6A-8F67-4BB850984FE0}.Release|Any CPU.ActiveCfg = Release|Any CPU
		{FBCCABD0-7BB9-4D6A-8F67-4BB850984FE0}.Release|Any CPU.Build.0 = Release|Any CPU
		{831ED06C-33CB-4000-93B7-911A2AE1422F}.Debug|Any CPU.ActiveCfg = Debug|Any CPU
		{831ED06C-33CB-4000-93B7-911A2AE1422F}.Debug|Any CPU.Build.0 = Debug|Any CPU
		{831ED06C-33CB-4000-93B7-911A2AE1422F}.Release|Any CPU.ActiveCfg = Release|Any CPU
		{831ED06C-33CB-4000-93B7-911A2AE1422F}.Release|Any CPU.Build.0 = Release|Any CPU
		{715B84F5-A5E7-4677-9BCF-19E381A66586}.Debug|Any CPU.ActiveCfg = Debug|Any CPU
		{715B84F5-A5E7-4677-9BCF-19E381A66586}.Debug|Any CPU.Build.0 = Debug|Any CPU
		{715B84F5-A5E7-4677-9BCF-19E381A66586}.Release|Any CPU.ActiveCfg = Release|Any CPU
		{715B84F5-A5E7-4677-9BCF-19E381A66586}.Release|Any CPU.Build.0 = Release|Any CPU
		{B7EB3416-78AE-4ED8-967E-2DCE521524E7}.Debug|Any CPU.ActiveCfg = Debug|Any CPU
		{B7EB3416-78AE-4ED8-967E-2DCE521524E7}.Debug|Any CPU.Build.0 = Debug|Any CPU
		{B7EB3416-78AE-4ED8-967E-2DCE521524E7}.Release|Any CPU.ActiveCfg = Release|Any CPU
		{B7EB3416-78AE-4ED8-967E-2DCE521524E7}.Release|Any CPU.Build.0 = Release|Any CPU
		{F3DC4DD3-15F8-41CB-826B-E7A221957A04}.Debug|Any CPU.ActiveCfg = Debug|Any CPU
		{F3DC4DD3-15F8-41CB-826B-E7A221957A04}.Debug|Any CPU.Build.0 = Debug|Any CPU
		{F3DC4DD3-15F8-41CB-826B-E7A221957A04}.Release|Any CPU.ActiveCfg = Release|Any CPU
		{F3DC4DD3-15F8-41CB-826B-E7A221957A04}.Release|Any CPU.Build.0 = Release|Any CPU
		{2709A1FD-BB00-4AD3-A12E-8D6049B45115}.Debug|Any CPU.ActiveCfg = Debug|Any CPU
		{2709A1FD-BB00-4AD3-A12E-8D6049B45115}.Debug|Any CPU.Build.0 = Debug|Any CPU
		{2709A1FD-BB00-4AD3-A12E-8D6049B45115}.Release|Any CPU.ActiveCfg = Release|Any CPU
		{2709A1FD-BB00-4AD3-A12E-8D6049B45115}.Release|Any CPU.Build.0 = Release|Any CPU
		{45AF70E6-575B-4283-8850-3CC3592DC94D}.Debug|Any CPU.ActiveCfg = Debug|Any CPU
		{45AF70E6-575B-4283-8850-3CC3592DC94D}.Debug|Any CPU.Build.0 = Debug|Any CPU
		{45AF70E6-575B-4283-8850-3CC3592DC94D}.Release|Any CPU.ActiveCfg = Release|Any CPU
		{45AF70E6-575B-4283-8850-3CC3592DC94D}.Release|Any CPU.Build.0 = Release|Any CPU
	EndGlobalSection
	GlobalSection(SolutionProperties) = preSolution
		HideSolutionNode = FALSE
	EndGlobalSection
	GlobalSection(ExtensibilityGlobals) = postSolution
		SolutionGuid = {853F60DD-A92E-49ED-BBB3-18A4EA3D562B}
	EndGlobalSection
EndGlobal
