
Microsoft Visual Studio Solution File, Format Version 12.00
# Visual Studio 15
VisualStudioVersion = 15.0.27703.2042
MinimumVisualStudioVersion = 10.0.40219.1
Project("{FAE04EC0-301F-11D3-BF4B-00C04F79EFBC}") = "WPF02", "WPF02\WPF02.csproj", "{0EBA2894-9B76-47B3-A506-C4C4BBDA9FCE}"
EndProject
Project("{FAE04EC0-301F-11D3-BF4B-00C04F79EFBC}") = "WPF03", "WPF03\WPF03.csproj", "{CCB7035D-D91D-4179-8089-7237CFA77B3A}"
EndProject
Project("{FAE04EC0-301F-11D3-BF4B-00C04F79EFBC}") = "WPF04", "WPF04\WPF04.csproj", "{68399BE2-C205-4D57-B3A1-7126F8641DF2}"
EndProject
Project("{FAE04EC0-301F-11D3-BF4B-00C04F79EFBC}") = "WPF05", "WPF05\WPF05.csproj", "{B1EB6F83-DC97-455B-B491-A999935EC8DE}"
EndProject
Project("{FAE04EC0-301F-11D3-BF4B-00C04F79EFBC}") = "WPF06", "WPF06\WPF06.csproj", "{FDD42EB5-616C-4F19-979D-5CEC4F5FB586}"
EndProject
Project("{FAE04EC0-301F-11D3-BF4B-00C04F79EFBC}") = "WPF07", "WPF07\WPF07.csproj", "{47D7CEAD-E59E-4D6D-A79A-6058F0DA1FCA}"
EndProject
Project("{FAE04EC0-301F-11D3-BF4B-00C04F79EFBC}") = "WPF08", "WPF08\WPF08.csproj", "{672BABF2-0479-4F1B-916B-D130082BB671}"
EndProject
Project("{FAE04EC0-301F-11D3-BF4B-00C04F79EFBC}") = "WPF09", "WPF09\WPF09.csproj", "{17A55CBE-FF34-43BB-9A17-93D6EF22CFD2}"
EndProject
Project("{FAE04EC0-301F-11D3-BF4B-00C04F79EFBC}") = "WPF10", "WPF10\WPF10.csproj", "{A2CA6566-F989-4DD5-B67F-B241F9818D5C}"
EndProject
Project("{FAE04EC0-301F-11D3-BF4B-00C04F79EFBC}") = "WPF11", "WPF11\WPF11.csproj", "{4FBD861A-CC86-40DA-8473-3C9783B66D9D}"
EndProject
Project("{FAE04EC0-301F-11D3-BF4B-00C04F79EFBC}") = "WPF12", "WPF12\WPF12.csproj", "{B72E749C-058B-400A-8211-DA6F4910E1EA}"
EndProject
Project("{FAE04EC0-301F-11D3-BF4B-00C04F79EFBC}") = "WPF13", "WPF13\WPF13.csproj", "{162CE3D1-EDC1-4EFE-9039-25E1916BDBFB}"
EndProject
Project("{FAE04EC0-301F-11D3-BF4B-00C04F79EFBC}") = "WPF14", "WPF14\WPF14.csproj", "{F8C33256-F917-495C-A44F-44882B0A6B87}"
EndProject
Global
	GlobalSection(SolutionConfigurationPlatforms) = preSolution
		Debug|Any CPU = Debug|Any CPU
		Release|Any CPU = Release|Any CPU
	EndGlobalSection
	GlobalSection(ProjectConfigurationPlatforms) = postSolution
		{0EBA2894-9B76-47B3-A506-C4C4BBDA9FCE}.Debug|Any CPU.ActiveCfg = Debug|Any CPU
		{0EBA2894-9B76-47B3-A506-C4C4BBDA9FCE}.Debug|Any CPU.Build.0 = Debug|Any CPU
		{0EBA2894-9B76-47B3-A506-C4C4BBDA9FCE}.Release|Any CPU.ActiveCfg = Release|Any CPU
		{0EBA2894-9B76-47B3-A506-C4C4BBDA9FCE}.Release|Any CPU.Build.0 = Release|Any CPU
		{CCB7035D-D91D-4179-8089-7237CFA77B3A}.Debug|Any CPU.ActiveCfg = Debug|Any CPU
		{CCB7035D-D91D-4179-8089-7237CFA77B3A}.Debug|Any CPU.Build.0 = Debug|Any CPU
		{CCB7035D-D91D-4179-8089-7237CFA77B3A}.Release|Any CPU.ActiveCfg = Release|Any CPU
		{CCB7035D-D91D-4179-8089-7237CFA77B3A}.Release|Any CPU.Build.0 = Release|Any CPU
		{68399BE2-C205-4D57-B3A1-7126F8641DF2}.Debug|Any CPU.ActiveCfg = Debug|Any CPU
		{68399BE2-C205-4D57-B3A1-7126F8641DF2}.Debug|Any CPU.Build.0 = Debug|Any CPU
		{68399BE2-C205-4D57-B3A1-7126F8641DF2}.Release|Any CPU.ActiveCfg = Release|Any CPU
		{68399BE2-C205-4D57-B3A1-7126F8641DF2}.Release|Any CPU.Build.0 = Release|Any CPU
		{B1EB6F83-DC97-455B-B491-A999935EC8DE}.Debug|Any CPU.ActiveCfg = Debug|Any CPU
		{B1EB6F83-DC97-455B-B491-A999935EC8DE}.Debug|Any CPU.Build.0 = Debug|Any CPU
		{B1EB6F83-DC97-455B-B491-A999935EC8DE}.Release|Any CPU.ActiveCfg = Release|Any CPU
		{B1EB6F83-DC97-455B-B491-A999935EC8DE}.Release|Any CPU.Build.0 = Release|Any CPU
		{FDD42EB5-616C-4F19-979D-5CEC4F5FB586}.Debug|Any CPU.ActiveCfg = Debug|Any CPU
		{FDD42EB5-616C-4F19-979D-5CEC4F5FB586}.Debug|Any CPU.Build.0 = Debug|Any CPU
		{FDD42EB5-616C-4F19-979D-5CEC4F5FB586}.Release|Any CPU.ActiveCfg = Release|Any CPU
		{FDD42EB5-616C-4F19-979D-5CEC4F5FB586}.Release|Any CPU.Build.0 = Release|Any CPU
		{47D7CEAD-E59E-4D6D-A79A-6058F0DA1FCA}.Debug|Any CPU.ActiveCfg = Debug|Any CPU
		{47D7CEAD-E59E-4D6D-A79A-6058F0DA1FCA}.Debug|Any CPU.Build.0 = Debug|Any CPU
		{47D7CEAD-E59E-4D6D-A79A-6058F0DA1FCA}.Release|Any CPU.ActiveCfg = Release|Any CPU
		{47D7CEAD-E59E-4D6D-A79A-6058F0DA1FCA}.Release|Any CPU.Build.0 = Release|Any CPU
		{672BABF2-0479-4F1B-916B-D130082BB671}.Debug|Any CPU.ActiveCfg = Debug|Any CPU
		{672BABF2-0479-4F1B-916B-D130082BB671}.Debug|Any CPU.Build.0 = Debug|Any CPU
		{672BABF2-0479-4F1B-916B-D130082BB671}.Release|Any CPU.ActiveCfg = Release|Any CPU
		{672BABF2-0479-4F1B-916B-D130082BB671}.Release|Any CPU.Build.0 = Release|Any CPU
		{17A55CBE-FF34-43BB-9A17-93D6EF22CFD2}.Debug|Any CPU.ActiveCfg = Debug|Any CPU
		{17A55CBE-FF34-43BB-9A17-93D6EF22CFD2}.Debug|Any CPU.Build.0 = Debug|Any CPU
		{17A55CBE-FF34-43BB-9A17-93D6EF22CFD2}.Release|Any CPU.ActiveCfg = Release|Any CPU
		{17A55CBE-FF34-43BB-9A17-93D6EF22CFD2}.Release|Any CPU.Build.0 = Release|Any CPU
		{A2CA6566-F989-4DD5-B67F-B241F9818D5C}.Debug|Any CPU.ActiveCfg = Debug|Any CPU
		{A2CA6566-F989-4DD5-B67F-B241F9818D5C}.Debug|Any CPU.Build.0 = Debug|Any CPU
		{A2CA6566-F989-4DD5-B67F-B241F9818D5C}.Release|Any CPU.ActiveCfg = Release|Any CPU
		{A2CA6566-F989-4DD5-B67F-B241F9818D5C}.Release|Any CPU.Build.0 = Release|Any CPU
		{4FBD861A-CC86-40DA-8473-3C9783B66D9D}.Debug|Any CPU.ActiveCfg = Debug|Any CPU
		{4FBD861A-CC86-40DA-8473-3C9783B66D9D}.Debug|Any CPU.Build.0 = Debug|Any CPU
		{4FBD861A-CC86-40DA-8473-3C9783B66D9D}.Release|Any CPU.ActiveCfg = Release|Any CPU
		{4FBD861A-CC86-40DA-8473-3C9783B66D9D}.Release|Any CPU.Build.0 = Release|Any CPU
		{B72E749C-058B-400A-8211-DA6F4910E1EA}.Debug|Any CPU.ActiveCfg = Debug|Any CPU
		{B72E749C-058B-400A-8211-DA6F4910E1EA}.Debug|Any CPU.Build.0 = Debug|Any CPU
		{B72E749C-058B-400A-8211-DA6F4910E1EA}.Release|Any CPU.ActiveCfg = Release|Any CPU
		{B72E749C-058B-400A-8211-DA6F4910E1EA}.Release|Any CPU.Build.0 = Release|Any CPU
		{162CE3D1-EDC1-4EFE-9039-25E1916BDBFB}.Debug|Any CPU.ActiveCfg = Debug|Any CPU
		{162CE3D1-EDC1-4EFE-9039-25E1916BDBFB}.Debug|Any CPU.Build.0 = Debug|Any CPU
		{162CE3D1-EDC1-4EFE-9039-25E1916BDBFB}.Release|Any CPU.ActiveCfg = Release|Any CPU
		{162CE3D1-EDC1-4EFE-9039-25E1916BDBFB}.Release|Any CPU.Build.0 = Release|Any CPU
		{F8C33256-F917-495C-A44F-44882B0A6B87}.Debug|Any CPU.ActiveCfg = Debug|Any CPU
		{F8C33256-F917-495C-A44F-44882B0A6B87}.Debug|Any CPU.Build.0 = Debug|Any CPU
		{F8C33256-F917-495C-A44F-44882B0A6B87}.Release|Any CPU.ActiveCfg = Release|Any CPU
		{F8C33256-F917-495C-A44F-44882B0A6B87}.Release|Any CPU.Build.0 = Release|Any CPU
	EndGlobalSection
	GlobalSection(SolutionProperties) = preSolution
		HideSolutionNode = FALSE
	EndGlobalSection
	GlobalSection(ExtensibilityGlobals) = postSolution
		SolutionGuid = {3A725F5C-AF3F-4E54-A247-386DEF2257E8}
	EndGlobalSection
EndGlobal
