
Microsoft Visual Studio Solution File, Format Version 12.00
# Visual Studio 15
VisualStudioVersion = 15.0.27703.2042
MinimumVisualStudioVersion = 10.0.40219.1
Project("{FAE04EC0-301F-11D3-BF4B-00C04F79EFBC}") = "HelloWorld", "HelloWorld\HelloWorld.csproj", "{834BD58B-2E80-478E-8683-3A3A04B59DB2}"
EndProject
Global
	GlobalSection(SolutionConfigurationPlatforms) = preSolution
		Debug|Any CPU = Debug|Any CPU
		Release|Any CPU = Release|Any CPU
	EndGlobalSection
	GlobalSection(ProjectConfigurationPlatforms) = postSolution
		{834BD58B-2E80-478E-8683-3A3A04B59DB2}.Debug|Any CPU.ActiveCfg = Debug|Any CPU
		{834BD58B-2E80-478E-8683-3A3A04B59DB2}.Debug|Any CPU.Build.0 = Debug|Any CPU
		{834BD58B-2E80-478E-8683-3A3A04B59DB2}.Release|Any CPU.ActiveCfg = Release|Any CPU
		{834BD58B-2E80-478E-8683-3A3A04B59DB2}.Release|Any CPU.Build.0 = Release|Any CPU
	EndGlobalSection
	GlobalSection(SolutionProperties) = preSolution
		HideSolutionNode = FALSE
	EndGlobalSection
	GlobalSection(ExtensibilityGlobals) = postSolution
		SolutionGuid = {5968B84D-45E9-4F17-8090-9E99A6C5615F}
	EndGlobalSection
EndGlobal
