
Microsoft Visual Studio Solution File, Format Version 12.00
# Visual Studio 15
VisualStudioVersion = 15.0.27703.2042
MinimumVisualStudioVersion = 10.0.40219.1
Project("{FAE04EC0-301F-11D3-BF4B-00C04F79EFBC}") = "DependencyPropertyTest", "DependencyPropertyTest\DependencyPropertyTest.csproj", "{A8B16BA5-DB15-4BF5-B0EE-E65E1BEBD13E}"
EndProject
Project("{FAE04EC0-301F-11D3-BF4B-00C04F79EFBC}") = "DependencyPropertyTest02", "DependencyPropertyTest02\DependencyPropertyTest02.csproj", "{3934EAE6-7844-4DE6-806C-8842372AC5D6}"
EndProject
Project("{FAE04EC0-301F-11D3-BF4B-00C04F79EFBC}") = "WPF17_RoutedEvent01", "WPF17_RoutedEvent01\WPF17_RoutedEvent01.csproj", "{EF2E7AF1-FD79-401D-AD7F-A4958BBE284D}"
EndProject
Project("{FAE04EC0-301F-11D3-BF4B-00C04F79EFBC}") = "WPF18_TunnelingEvent01", "WPF18_TunnelingEvent01\WPF18_TunnelingEvent01.csproj", "{F1BC2D05-1CAD-4DEF-9A9E-F6C4EBE0FAD6}"
EndProject
Project("{FAE04EC0-301F-11D3-BF4B-00C04F79EFBC}") = "WPF19_Brush01", "WPF19_Brush01\WPF19_Brush01.csproj", "{A38CCA1E-5BA5-4448-BA62-49BD5CF8013E}"
EndProject
Project("{FAE04EC0-301F-11D3-BF4B-00C04F79EFBC}") = "WPF20_Brush02", "WPF20_Brush02\WPF20_Brush02.csproj", "{B3A54EB9-92E0-4ABA-83C6-24CAB0784BA9}"
EndProject
Project("{FAE04EC0-301F-11D3-BF4B-00C04F79EFBC}") = "WPF21_Content01", "WPF21_Content01\WPF21_Content01.csproj", "{D72C9813-1A98-4249-8E3D-4945E5FF89DA}"
EndProject
Project("{FAE04EC0-301F-11D3-BF4B-00C04F79EFBC}") = "WPF22_Button01", "WPF22_Button01\WPF22_Button01.csproj", "{8CA1E68D-B03F-490D-9F23-B83511A0A45E}"
EndProject
Project("{FAE04EC0-301F-11D3-BF4B-00C04F79EFBC}") = "WPF23_Button02", "WPF23_Button02\WPF23_Button02.csproj", "{9EFEA506-5FB9-44DC-9446-611DE1A7F4B5}"
EndProject
Project("{FAE04EC0-301F-11D3-BF4B-00C04F79EFBC}") = "WPF24_StackPanel01", "WPF24_StackPanel01\WPF24_StackPanel01.csproj", "{9FEB20D4-5BF1-4FF6-87C8-66901DBF5879}"
EndProject
Project("{FAE04EC0-301F-11D3-BF4B-00C04F79EFBC}") = "WPF25_DockPanel01", "WPF25_DockPanel01\WPF25_DockPanel01.csproj", "{65045121-A619-45A0-8F86-E6CD4F882C36}"
EndProject
Project("{FAE04EC0-301F-11D3-BF4B-00C04F79EFBC}") = "WPF26_Canvas01", "WPF26_Canvas01\WPF26_Canvas01.csproj", "{57DB91A1-6CEB-46E5-AE89-B96C4A95CDC2}"
EndProject
Project("{FAE04EC0-301F-11D3-BF4B-00C04F79EFBC}") = "WPF27_DataBinding01", "WPF27_DataBinding01\WPF27_DataBinding01.csproj", "{4AD376B2-4A6A-4127-A267-9F3DE8F87720}"
EndProject
Project("{FAE04EC0-301F-11D3-BF4B-00C04F79EFBC}") = "WPF28_DataBinding02", "WPF28_DataBinding02\WPF28_DataBinding02.csproj", "{25DCC3A2-8E91-429A-82B7-13437F2775E3}"
EndProject
Project("{FAE04EC0-301F-11D3-BF4B-00C04F79EFBC}") = "WPF29_DataBinding03", "WPF29_DataBinding03\WPF29_DataBinding03.csproj", "{754A20D9-36FA-4868-B9A5-61A37A68A433}"
EndProject
Project("{FAE04EC0-301F-11D3-BF4B-00C04F79EFBC}") = "WPF30_DataBinding04", "WPF30_DataBinding04\WPF30_DataBinding04.csproj", "{BEC8EAAA-D778-4509-AC93-BF93278B4702}"
EndProject
Project("{FAE04EC0-301F-11D3-BF4B-00C04F79EFBC}") = "WPF31_DataBinding05", "WPF31_DataBinding05\WPF31_DataBinding05.csproj", "{40CBDA48-6B88-4ECF-8DEA-24713E817024}"
EndProject
Project("{FAE04EC0-301F-11D3-BF4B-00C04F79EFBC}") = "WPF32_DataBinding06", "WPF32_DataBinding06\WPF32_DataBinding06.csproj", "{4F9489E4-36C6-4AAD-9DD9-18C7DAB873EA}"
EndProject
Project("{FAE04EC0-301F-11D3-BF4B-00C04F79EFBC}") = "WPF33_DataBinding07", "WPF33_DataBinding07\WPF33_DataBinding07.csproj", "{1CE118D6-CA2E-48F2-AD37-A8D1C9DB312B}"
EndProject
Project("{FAE04EC0-301F-11D3-BF4B-00C04F79EFBC}") = "WPF34_DataBinding08", "WPF34_DataBinding08\WPF34_DataBinding08.csproj", "{965007E5-0A65-4817-88D0-95BB3E3D7A65}"
EndProject
Project("{FAE04EC0-301F-11D3-BF4B-00C04F79EFBC}") = "DigitalClock", "DigitalClock\DigitalClock.csproj", "{BF8D74D2-10CC-4CDF-B1EB-7C1D6A412AF4}"
EndProject
Project("{FAE04EC0-301F-11D3-BF4B-00C04F79EFBC}") = "WPF36_Practice", "WPF36_Practice\WPF36_Practice.csproj", "{25BC9FB6-5C98-4A97-B9B3-657906080E65}"
EndProject
Project("{FAE04EC0-301F-11D3-BF4B-00C04F79EFBC}") = "WPF37_Practice02", "WPF37_Practice02\WPF37_Practice02.csproj", "{4198CD54-5B35-48B2-BED1-BBEF60BD4593}"
EndProject
Project("{FAE04EC0-301F-11D3-BF4B-00C04F79EFBC}") = "LoginWindow", "LoginWindow\LoginWindow.csproj", "{25690EB9-308C-4A90-A6F6-FCF06F7BB6B8}"
EndProject
Global
	GlobalSection(SolutionConfigurationPlatforms) = preSolution
		Debug|Any CPU = Debug|Any CPU
		Release|Any CPU = Release|Any CPU
	EndGlobalSection
	GlobalSection(ProjectConfigurationPlatforms) = postSolution
		{A8B16BA5-DB15-4BF5-B0EE-E65E1BEBD13E}.Debug|Any CPU.ActiveCfg = Debug|Any CPU
		{A8B16BA5-DB15-4BF5-B0EE-E65E1BEBD13E}.Debug|Any CPU.Build.0 = Debug|Any CPU
		{A8B16BA5-DB15-4BF5-B0EE-E65E1BEBD13E}.Release|Any CPU.ActiveCfg = Release|Any CPU
		{A8B16BA5-DB15-4BF5-B0EE-E65E1BEBD13E}.Release|Any CPU.Build.0 = Release|Any CPU
		{3934EAE6-7844-4DE6-806C-8842372AC5D6}.Debug|Any CPU.ActiveCfg = Debug|Any CPU
		{3934EAE6-7844-4DE6-806C-8842372AC5D6}.Debug|Any CPU.Build.0 = Debug|Any CPU
		{3934EAE6-7844-4DE6-806C-8842372AC5D6}.Release|Any CPU.ActiveCfg = Release|Any CPU
		{3934EAE6-7844-4DE6-806C-8842372AC5D6}.Release|Any CPU.Build.0 = Release|Any CPU
		{EF2E7AF1-FD79-401D-AD7F-A4958BBE284D}.Debug|Any CPU.ActiveCfg = Debug|Any CPU
		{EF2E7AF1-FD79-401D-AD7F-A4958BBE284D}.Debug|Any CPU.Build.0 = Debug|Any CPU
		{EF2E7AF1-FD79-401D-AD7F-A4958BBE284D}.Release|Any CPU.ActiveCfg = Release|Any CPU
		{EF2E7AF1-FD79-401D-AD7F-A4958BBE284D}.Release|Any CPU.Build.0 = Release|Any CPU
		{F1BC2D05-1CAD-4DEF-9A9E-F6C4EBE0FAD6}.Debug|Any CPU.ActiveCfg = Debug|Any CPU
		{F1BC2D05-1CAD-4DEF-9A9E-F6C4EBE0FAD6}.Debug|Any CPU.Build.0 = Debug|Any CPU
		{F1BC2D05-1CAD-4DEF-9A9E-F6C4EBE0FAD6}.Release|Any CPU.ActiveCfg = Release|Any CPU
		{F1BC2D05-1CAD-4DEF-9A9E-F6C4EBE0FAD6}.Release|Any CPU.Build.0 = Release|Any CPU
		{A38CCA1E-5BA5-4448-BA62-49BD5CF8013E}.Debug|Any CPU.ActiveCfg = Debug|Any CPU
		{A38CCA1E-5BA5-4448-BA62-49BD5CF8013E}.Debug|Any CPU.Build.0 = Debug|Any CPU
		{A38CCA1E-5BA5-4448-BA62-49BD5CF8013E}.Release|Any CPU.ActiveCfg = Release|Any CPU
		{A38CCA1E-5BA5-4448-BA62-49BD5CF8013E}.Release|Any CPU.Build.0 = Release|Any CPU
		{B3A54EB9-92E0-4ABA-83C6-24CAB0784BA9}.Debug|Any CPU.ActiveCfg = Debug|Any CPU
		{B3A54EB9-92E0-4ABA-83C6-24CAB0784BA9}.Debug|Any CPU.Build.0 = Debug|Any CPU
		{B3A54EB9-92E0-4ABA-83C6-24CAB0784BA9}.Release|Any CPU.ActiveCfg = Release|Any CPU
		{B3A54EB9-92E0-4ABA-83C6-24CAB0784BA9}.Release|Any CPU.Build.0 = Release|Any CPU
		{D72C9813-1A98-4249-8E3D-4945E5FF89DA}.Debug|Any CPU.ActiveCfg = Debug|Any CPU
		{D72C9813-1A98-4249-8E3D-4945E5FF89DA}.Debug|Any CPU.Build.0 = Debug|Any CPU
		{D72C9813-1A98-4249-8E3D-4945E5FF89DA}.Release|Any CPU.ActiveCfg = Release|Any CPU
		{D72C9813-1A98-4249-8E3D-4945E5FF89DA}.Release|Any CPU.Build.0 = Release|Any CPU
		{8CA1E68D-B03F-490D-9F23-B83511A0A45E}.Debug|Any CPU.ActiveCfg = Debug|Any CPU
		{8CA1E68D-B03F-490D-9F23-B83511A0A45E}.Debug|Any CPU.Build.0 = Debug|Any CPU
		{8CA1E68D-B03F-490D-9F23-B83511A0A45E}.Release|Any CPU.ActiveCfg = Release|Any CPU
		{8CA1E68D-B03F-490D-9F23-B83511A0A45E}.Release|Any CPU.Build.0 = Release|Any CPU
		{9EFEA506-5FB9-44DC-9446-611DE1A7F4B5}.Debug|Any CPU.ActiveCfg = Debug|Any CPU
		{9EFEA506-5FB9-44DC-9446-611DE1A7F4B5}.Debug|Any CPU.Build.0 = Debug|Any CPU
		{9EFEA506-5FB9-44DC-9446-611DE1A7F4B5}.Release|Any CPU.ActiveCfg = Release|Any CPU
		{9EFEA506-5FB9-44DC-9446-611DE1A7F4B5}.Release|Any CPU.Build.0 = Release|Any CPU
		{9FEB20D4-5BF1-4FF6-87C8-66901DBF5879}.Debug|Any CPU.ActiveCfg = Debug|Any CPU
		{9FEB20D4-5BF1-4FF6-87C8-66901DBF5879}.Debug|Any CPU.Build.0 = Debug|Any CPU
		{9FEB20D4-5BF1-4FF6-87C8-66901DBF5879}.Release|Any CPU.ActiveCfg = Release|Any CPU
		{9FEB20D4-5BF1-4FF6-87C8-66901DBF5879}.Release|Any CPU.Build.0 = Release|Any CPU
		{65045121-A619-45A0-8F86-E6CD4F882C36}.Debug|Any CPU.ActiveCfg = Debug|Any CPU
		{65045121-A619-45A0-8F86-E6CD4F882C36}.Debug|Any CPU.Build.0 = Debug|Any CPU
		{65045121-A619-45A0-8F86-E6CD4F882C36}.Release|Any CPU.ActiveCfg = Release|Any CPU
		{65045121-A619-45A0-8F86-E6CD4F882C36}.Release|Any CPU.Build.0 = Release|Any CPU
		{57DB91A1-6CEB-46E5-AE89-B96C4A95CDC2}.Debug|Any CPU.ActiveCfg = Debug|Any CPU
		{57DB91A1-6CEB-46E5-AE89-B96C4A95CDC2}.Debug|Any CPU.Build.0 = Debug|Any CPU
		{57DB91A1-6CEB-46E5-AE89-B96C4A95CDC2}.Release|Any CPU.ActiveCfg = Release|Any CPU
		{57DB91A1-6CEB-46E5-AE89-B96C4A95CDC2}.Release|Any CPU.Build.0 = Release|Any CPU
		{4AD376B2-4A6A-4127-A267-9F3DE8F87720}.Debug|Any CPU.ActiveCfg = Debug|Any CPU
		{4AD376B2-4A6A-4127-A267-9F3DE8F87720}.Debug|Any CPU.Build.0 = Debug|Any CPU
		{4AD376B2-4A6A-4127-A267-9F3DE8F87720}.Release|Any CPU.ActiveCfg = Release|Any CPU
		{4AD376B2-4A6A-4127-A267-9F3DE8F87720}.Release|Any CPU.Build.0 = Release|Any CPU
		{25DCC3A2-8E91-429A-82B7-13437F2775E3}.Debug|Any CPU.ActiveCfg = Debug|Any CPU
		{25DCC3A2-8E91-429A-82B7-13437F2775E3}.Debug|Any CPU.Build.0 = Debug|Any CPU
		{25DCC3A2-8E91-429A-82B7-13437F2775E3}.Release|Any CPU.ActiveCfg = Release|Any CPU
		{25DCC3A2-8E91-429A-82B7-13437F2775E3}.Release|Any CPU.Build.0 = Release|Any CPU
		{754A20D9-36FA-4868-B9A5-61A37A68A433}.Debug|Any CPU.ActiveCfg = Debug|Any CPU
		{754A20D9-36FA-4868-B9A5-61A37A68A433}.Debug|Any CPU.Build.0 = Debug|Any CPU
		{754A20D9-36FA-4868-B9A5-61A37A68A433}.Release|Any CPU.ActiveCfg = Release|Any CPU
		{754A20D9-36FA-4868-B9A5-61A37A68A433}.Release|Any CPU.Build.0 = Release|Any CPU
		{BEC8EAAA-D778-4509-AC93-BF93278B4702}.Debug|Any CPU.ActiveCfg = Debug|Any CPU
		{BEC8EAAA-D778-4509-AC93-BF93278B4702}.Debug|Any CPU.Build.0 = Debug|Any CPU
		{BEC8EAAA-D778-4509-AC93-BF93278B4702}.Release|Any CPU.ActiveCfg = Release|Any CPU
		{BEC8EAAA-D778-4509-AC93-BF93278B4702}.Release|Any CPU.Build.0 = Release|Any CPU
		{40CBDA48-6B88-4ECF-8DEA-24713E817024}.Debug|Any CPU.ActiveCfg = Debug|Any CPU
		{40CBDA48-6B88-4ECF-8DEA-24713E817024}.Debug|Any CPU.Build.0 = Debug|Any CPU
		{40CBDA48-6B88-4ECF-8DEA-24713E817024}.Release|Any CPU.ActiveCfg = Release|Any CPU
		{40CBDA48-6B88-4ECF-8DEA-24713E817024}.Release|Any CPU.Build.0 = Release|Any CPU
		{4F9489E4-36C6-4AAD-9DD9-18C7DAB873EA}.Debug|Any CPU.ActiveCfg = Debug|Any CPU
		{4F9489E4-36C6-4AAD-9DD9-18C7DAB873EA}.Debug|Any CPU.Build.0 = Debug|Any CPU
		{4F9489E4-36C6-4AAD-9DD9-18C7DAB873EA}.Release|Any CPU.ActiveCfg = Release|Any CPU
		{4F9489E4-36C6-4AAD-9DD9-18C7DAB873EA}.Release|Any CPU.Build.0 = Release|Any CPU
		{1CE118D6-CA2E-48F2-AD37-A8D1C9DB312B}.Debug|Any CPU.ActiveCfg = Debug|Any CPU
		{1CE118D6-CA2E-48F2-AD37-A8D1C9DB312B}.Debug|Any CPU.Build.0 = Debug|Any CPU
		{1CE118D6-CA2E-48F2-AD37-A8D1C9DB312B}.Release|Any CPU.ActiveCfg = Release|Any CPU
		{1CE118D6-CA2E-48F2-AD37-A8D1C9DB312B}.Release|Any CPU.Build.0 = Release|Any CPU
		{965007E5-0A65-4817-88D0-95BB3E3D7A65}.Debug|Any CPU.ActiveCfg = Debug|Any CPU
		{965007E5-0A65-4817-88D0-95BB3E3D7A65}.Debug|Any CPU.Build.0 = Debug|Any CPU
		{965007E5-0A65-4817-88D0-95BB3E3D7A65}.Release|Any CPU.ActiveCfg = Release|Any CPU
		{965007E5-0A65-4817-88D0-95BB3E3D7A65}.Release|Any CPU.Build.0 = Release|Any CPU
		{BF8D74D2-10CC-4CDF-B1EB-7C1D6A412AF4}.Debug|Any CPU.ActiveCfg = Debug|Any CPU
		{BF8D74D2-10CC-4CDF-B1EB-7C1D6A412AF4}.Debug|Any CPU.Build.0 = Debug|Any CPU
		{BF8D74D2-10CC-4CDF-B1EB-7C1D6A412AF4}.Release|Any CPU.ActiveCfg = Release|Any CPU
		{BF8D74D2-10CC-4CDF-B1EB-7C1D6A412AF4}.Release|Any CPU.Build.0 = Release|Any CPU
		{25BC9FB6-5C98-4A97-B9B3-657906080E65}.Debug|Any CPU.ActiveCfg = Debug|Any CPU
		{25BC9FB6-5C98-4A97-B9B3-657906080E65}.Debug|Any CPU.Build.0 = Debug|Any CPU
		{25BC9FB6-5C98-4A97-B9B3-657906080E65}.Release|Any CPU.ActiveCfg = Release|Any CPU
		{25BC9FB6-5C98-4A97-B9B3-657906080E65}.Release|Any CPU.Build.0 = Release|Any CPU
		{4198CD54-5B35-48B2-BED1-BBEF60BD4593}.Debug|Any CPU.ActiveCfg = Debug|Any CPU
		{4198CD54-5B35-48B2-BED1-BBEF60BD4593}.Debug|Any CPU.Build.0 = Debug|Any CPU
		{4198CD54-5B35-48B2-BED1-BBEF60BD4593}.Release|Any CPU.ActiveCfg = Release|Any CPU
		{4198CD54-5B35-48B2-BED1-BBEF60BD4593}.Release|Any CPU.Build.0 = Release|Any CPU
		{25690EB9-308C-4A90-A6F6-FCF06F7BB6B8}.Debug|Any CPU.ActiveCfg = Debug|Any CPU
		{25690EB9-308C-4A90-A6F6-FCF06F7BB6B8}.Debug|Any CPU.Build.0 = Debug|Any CPU
		{25690EB9-308C-4A90-A6F6-FCF06F7BB6B8}.Release|Any CPU.ActiveCfg = Release|Any CPU
		{25690EB9-308C-4A90-A6F6-FCF06F7BB6B8}.Release|Any CPU.Build.0 = Release|Any CPU
	EndGlobalSection
	GlobalSection(SolutionProperties) = preSolution
		HideSolutionNode = FALSE
	EndGlobalSection
	GlobalSection(ExtensibilityGlobals) = postSolution
		SolutionGuid = {705A938E-4EBB-42DB-BAEB-04B75AB1DF8C}
	EndGlobalSection
EndGlobal
