
Microsoft Visual Studio Solution File, Format Version 12.00
# Visual Studio 15
VisualStudioVersion = 15.0.27703.2042
MinimumVisualStudioVersion = 10.0.40219.1
Project("{FAE04EC0-301F-11D3-BF4B-00C04F79EFBC}") = "Lambda01", "Day5\Lambda01.csproj", "{8C0B5D02-A3E3-440C-82EE-91F25EDB25AD}"
EndProject
Project("{FAE04EC0-301F-11D3-BF4B-00C04F79EFBC}") = "Lambda02", "Lambda02\Lambda02.csproj", "{ED236079-2C1E-4ED3-97C6-B83082CCDCB2}"
EndProject
Project("{FAE04EC0-301F-11D3-BF4B-00C04F79EFBC}") = "Lambda03", "Lambda03\Lambda03.csproj", "{B3475FC1-0DD9-4BE6-A6DF-D06565047574}"
EndProject
Project("{FAE04EC0-301F-11D3-BF4B-00C04F79EFBC}") = "Lambda04", "Lambda04\Lambda04.csproj", "{BA2D4FDD-3612-4B32-AC67-58D7EECAE286}"
EndProject
Project("{FAE04EC0-301F-11D3-BF4B-00C04F79EFBC}") = "FuncDelegate01", "FuncDelegate01\FuncDelegate01.csproj", "{6357F610-3142-44F6-AF81-ED30B5A42A18}"
EndProject
Project("{FAE04EC0-301F-11D3-BF4B-00C04F79EFBC}") = "ActionDelegate01", "ActionDelegate01\ActionDelegate01.csproj", "{E5AD7963-B50D-4354-838A-1FF1952D208D}"
EndProject
Project("{FAE04EC0-301F-11D3-BF4B-00C04F79EFBC}") = "ActionDelegate02", "ActionDelegate02\ActionDelegate02.csproj", "{80857A30-6005-4298-AC84-CAF114588867}"
EndProject
Project("{FAE04EC0-301F-11D3-BF4B-00C04F79EFBC}") = "LINQ01", "LINQ01\LINQ01.csproj", "{5653ACEC-68C4-4FD2-9295-CD0D2DB94568}"
EndProject
Project("{FAE04EC0-301F-11D3-BF4B-00C04F79EFBC}") = "LINQ02", "LINQ02\LINQ02.csproj", "{46B59856-065E-4081-95EF-81E5117D2F19}"
EndProject
Project("{FAE04EC0-301F-11D3-BF4B-00C04F79EFBC}") = "LINQ03", "LINQ03\LINQ03.csproj", "{33D34908-0404-4DE9-9A79-5526583397C9}"
EndProject
Project("{FAE04EC0-301F-11D3-BF4B-00C04F79EFBC}") = "LINQ04", "LINQ04\LINQ04.csproj", "{85E7B058-B0DD-4CFD-B3E8-11F7B63CF3F1}"
EndProject
Project("{FAE04EC0-301F-11D3-BF4B-00C04F79EFBC}") = "LINQ05", "LINQ05\LINQ05.csproj", "{5295843A-3010-42BA-8443-EA879AD0665A}"
EndProject
Project("{FAE04EC0-301F-11D3-BF4B-00C04F79EFBC}") = "LINQ06", "LINQ06\LINQ06.csproj", "{4B556388-93F7-4A3D-B089-69C1314B6A98}"
EndProject
Project("{FAE04EC0-301F-11D3-BF4B-00C04F79EFBC}") = "LINQ07", "LING07\LINQ07.csproj", "{3A11F7A0-C64D-434B-8B72-738421412D15}"
EndProject
Project("{FAE04EC0-301F-11D3-BF4B-00C04F79EFBC}") = "Thread01", "THREAD01\Thread01.csproj", "{261140DE-AC78-41FC-9678-EAAC0B238BC1}"
EndProject
Project("{FAE04EC0-301F-11D3-BF4B-00C04F79EFBC}") = "Thread02", "Thread02\Thread02.csproj", "{E9E610C8-999F-42C6-B871-CA9EB1489812}"
EndProject
Project("{FAE04EC0-301F-11D3-BF4B-00C04F79EFBC}") = "Thread03", "Thread03\Thread03.csproj", "{918E3C39-A077-45A3-9ADC-013CA755C4AE}"
EndProject
Project("{FAE04EC0-301F-11D3-BF4B-00C04F79EFBC}") = "Thread04", "Thread04\Thread04.csproj", "{C8C39E70-0A24-412C-8C82-A35318353D31}"
EndProject
Project("{FAE04EC0-301F-11D3-BF4B-00C04F79EFBC}") = "Thread05", "Thread05\Thread05.csproj", "{20FB322D-DB52-4DC3-B5AC-386FC6C96060}"
EndProject
Project("{FAE04EC0-301F-11D3-BF4B-00C04F79EFBC}") = "Thread06", "Thread06\Thread06.csproj", "{F7642DDF-4942-4A3C-B79B-7D81A3BD8303}"
EndProject
Project("{FAE04EC0-301F-11D3-BF4B-00C04F79EFBC}") = "Thread07", "Thread07\Thread07.csproj", "{125762A0-1C05-419C-9FA8-C81B5293E9D4}"
EndProject
Project("{FAE04EC0-301F-11D3-BF4B-00C04F79EFBC}") = "Thread08", "Thread08\Thread08.csproj", "{35CCA412-2BE6-4202-BD9D-23C450F1983C}"
EndProject
Project("{FAE04EC0-301F-11D3-BF4B-00C04F79EFBC}") = "Thread09", "Thread09\Thread09.csproj", "{D3B34E9B-68B6-4627-8AF8-74454E56BB40}"
EndProject
Project("{FAE04EC0-301F-11D3-BF4B-00C04F79EFBC}") = "Thread10", "Thread10\Thread10.csproj", "{74E325DA-E4B6-42AC-93E9-11AB5B15D2C5}"
EndProject
Global
	GlobalSection(SolutionConfigurationPlatforms) = preSolution
		Debug|Any CPU = Debug|Any CPU
		Release|Any CPU = Release|Any CPU
	EndGlobalSection
	GlobalSection(ProjectConfigurationPlatforms) = postSolution
		{8C0B5D02-A3E3-440C-82EE-91F25EDB25AD}.Debug|Any CPU.ActiveCfg = Debug|Any CPU
		{8C0B5D02-A3E3-440C-82EE-91F25EDB25AD}.Debug|Any CPU.Build.0 = Debug|Any CPU
		{8C0B5D02-A3E3-440C-82EE-91F25EDB25AD}.Release|Any CPU.ActiveCfg = Release|Any CPU
		{8C0B5D02-A3E3-440C-82EE-91F25EDB25AD}.Release|Any CPU.Build.0 = Release|Any CPU
		{ED236079-2C1E-4ED3-97C6-B83082CCDCB2}.Debug|Any CPU.ActiveCfg = Debug|Any CPU
		{ED236079-2C1E-4ED3-97C6-B83082CCDCB2}.Debug|Any CPU.Build.0 = Debug|Any CPU
		{ED236079-2C1E-4ED3-97C6-B83082CCDCB2}.Release|Any CPU.ActiveCfg = Release|Any CPU
		{ED236079-2C1E-4ED3-97C6-B83082CCDCB2}.Release|Any CPU.Build.0 = Release|Any CPU
		{B3475FC1-0DD9-4BE6-A6DF-D06565047574}.Debug|Any CPU.ActiveCfg = Debug|Any CPU
		{B3475FC1-0DD9-4BE6-A6DF-D06565047574}.Debug|Any CPU.Build.0 = Debug|Any CPU
		{B3475FC1-0DD9-4BE6-A6DF-D06565047574}.Release|Any CPU.ActiveCfg = Release|Any CPU
		{B3475FC1-0DD9-4BE6-A6DF-D06565047574}.Release|Any CPU.Build.0 = Release|Any CPU
		{BA2D4FDD-3612-4B32-AC67-58D7EECAE286}.Debug|Any CPU.ActiveCfg = Debug|Any CPU
		{BA2D4FDD-3612-4B32-AC67-58D7EECAE286}.Debug|Any CPU.Build.0 = Debug|Any CPU
		{BA2D4FDD-3612-4B32-AC67-58D7EECAE286}.Release|Any CPU.ActiveCfg = Release|Any CPU
		{BA2D4FDD-3612-4B32-AC67-58D7EECAE286}.Release|Any CPU.Build.0 = Release|Any CPU
		{6357F610-3142-44F6-AF81-ED30B5A42A18}.Debug|Any CPU.ActiveCfg = Debug|Any CPU
		{6357F610-3142-44F6-AF81-ED30B5A42A18}.Debug|Any CPU.Build.0 = Debug|Any CPU
		{6357F610-3142-44F6-AF81-ED30B5A42A18}.Release|Any CPU.ActiveCfg = Release|Any CPU
		{6357F610-3142-44F6-AF81-ED30B5A42A18}.Release|Any CPU.Build.0 = Release|Any CPU
		{E5AD7963-B50D-4354-838A-1FF1952D208D}.Debug|Any CPU.ActiveCfg = Debug|Any CPU
		{E5AD7963-B50D-4354-838A-1FF1952D208D}.Debug|Any CPU.Build.0 = Debug|Any CPU
		{E5AD7963-B50D-4354-838A-1FF1952D208D}.Release|Any CPU.ActiveCfg = Release|Any CPU
		{E5AD7963-B50D-4354-838A-1FF1952D208D}.Release|Any CPU.Build.0 = Release|Any CPU
		{80857A30-6005-4298-AC84-CAF114588867}.Debug|Any CPU.ActiveCfg = Debug|Any CPU
		{80857A30-6005-4298-AC84-CAF114588867}.Debug|Any CPU.Build.0 = Debug|Any CPU
		{80857A30-6005-4298-AC84-CAF114588867}.Release|Any CPU.ActiveCfg = Release|Any CPU
		{80857A30-6005-4298-AC84-CAF114588867}.Release|Any CPU.Build.0 = Release|Any CPU
		{5653ACEC-68C4-4FD2-9295-CD0D2DB94568}.Debug|Any CPU.ActiveCfg = Debug|Any CPU
		{5653ACEC-68C4-4FD2-9295-CD0D2DB94568}.Debug|Any CPU.Build.0 = Debug|Any CPU
		{5653ACEC-68C4-4FD2-9295-CD0D2DB94568}.Release|Any CPU.ActiveCfg = Release|Any CPU
		{5653ACEC-68C4-4FD2-9295-CD0D2DB94568}.Release|Any CPU.Build.0 = Release|Any CPU
		{46B59856-065E-4081-95EF-81E5117D2F19}.Debug|Any CPU.ActiveCfg = Debug|Any CPU
		{46B59856-065E-4081-95EF-81E5117D2F19}.Debug|Any CPU.Build.0 = Debug|Any CPU
		{46B59856-065E-4081-95EF-81E5117D2F19}.Release|Any CPU.ActiveCfg = Release|Any CPU
		{46B59856-065E-4081-95EF-81E5117D2F19}.Release|Any CPU.Build.0 = Release|Any CPU
		{33D34908-0404-4DE9-9A79-5526583397C9}.Debug|Any CPU.ActiveCfg = Debug|Any CPU
		{33D34908-0404-4DE9-9A79-5526583397C9}.Debug|Any CPU.Build.0 = Debug|Any CPU
		{33D34908-0404-4DE9-9A79-5526583397C9}.Release|Any CPU.ActiveCfg = Release|Any CPU
		{33D34908-0404-4DE9-9A79-5526583397C9}.Release|Any CPU.Build.0 = Release|Any CPU
		{85E7B058-B0DD-4CFD-B3E8-11F7B63CF3F1}.Debug|Any CPU.ActiveCfg = Debug|Any CPU
		{85E7B058-B0DD-4CFD-B3E8-11F7B63CF3F1}.Debug|Any CPU.Build.0 = Debug|Any CPU
		{85E7B058-B0DD-4CFD-B3E8-11F7B63CF3F1}.Release|Any CPU.ActiveCfg = Release|Any CPU
		{85E7B058-B0DD-4CFD-B3E8-11F7B63CF3F1}.Release|Any CPU.Build.0 = Release|Any CPU
		{5295843A-3010-42BA-8443-EA879AD0665A}.Debug|Any CPU.ActiveCfg = Debug|Any CPU
		{5295843A-3010-42BA-8443-EA879AD0665A}.Debug|Any CPU.Build.0 = Debug|Any CPU
		{5295843A-3010-42BA-8443-EA879AD0665A}.Release|Any CPU.ActiveCfg = Release|Any CPU
		{5295843A-3010-42BA-8443-EA879AD0665A}.Release|Any CPU.Build.0 = Release|Any CPU
		{4B556388-93F7-4A3D-B089-69C1314B6A98}.Debug|Any CPU.ActiveCfg = Debug|Any CPU
		{4B556388-93F7-4A3D-B089-69C1314B6A98}.Debug|Any CPU.Build.0 = Debug|Any CPU
		{4B556388-93F7-4A3D-B089-69C1314B6A98}.Release|Any CPU.ActiveCfg = Release|Any CPU
		{4B556388-93F7-4A3D-B089-69C1314B6A98}.Release|Any CPU.Build.0 = Release|Any CPU
		{3A11F7A0-C64D-434B-8B72-738421412D15}.Debug|Any CPU.ActiveCfg = Debug|Any CPU
		{3A11F7A0-C64D-434B-8B72-738421412D15}.Debug|Any CPU.Build.0 = Debug|Any CPU
		{3A11F7A0-C64D-434B-8B72-738421412D15}.Release|Any CPU.ActiveCfg = Release|Any CPU
		{3A11F7A0-C64D-434B-8B72-738421412D15}.Release|Any CPU.Build.0 = Release|Any CPU
		{261140DE-AC78-41FC-9678-EAAC0B238BC1}.Debug|Any CPU.ActiveCfg = Debug|Any CPU
		{261140DE-AC78-41FC-9678-EAAC0B238BC1}.Debug|Any CPU.Build.0 = Debug|Any CPU
		{261140DE-AC78-41FC-9678-EAAC0B238BC1}.Release|Any CPU.ActiveCfg = Release|Any CPU
		{261140DE-AC78-41FC-9678-EAAC0B238BC1}.Release|Any CPU.Build.0 = Release|Any CPU
		{E9E610C8-999F-42C6-B871-CA9EB1489812}.Debug|Any CPU.ActiveCfg = Debug|Any CPU
		{E9E610C8-999F-42C6-B871-CA9EB1489812}.Debug|Any CPU.Build.0 = Debug|Any CPU
		{E9E610C8-999F-42C6-B871-CA9EB1489812}.Release|Any CPU.ActiveCfg = Release|Any CPU
		{E9E610C8-999F-42C6-B871-CA9EB1489812}.Release|Any CPU.Build.0 = Release|Any CPU
		{918E3C39-A077-45A3-9ADC-013CA755C4AE}.Debug|Any CPU.ActiveCfg = Debug|Any CPU
		{918E3C39-A077-45A3-9ADC-013CA755C4AE}.Debug|Any CPU.Build.0 = Debug|Any CPU
		{918E3C39-A077-45A3-9ADC-013CA755C4AE}.Release|Any CPU.ActiveCfg = Release|Any CPU
		{918E3C39-A077-45A3-9ADC-013CA755C4AE}.Release|Any CPU.Build.0 = Release|Any CPU
		{C8C39E70-0A24-412C-8C82-A35318353D31}.Debug|Any CPU.ActiveCfg = Debug|Any CPU
		{C8C39E70-0A24-412C-8C82-A35318353D31}.Debug|Any CPU.Build.0 = Debug|Any CPU
		{C8C39E70-0A24-412C-8C82-A35318353D31}.Release|Any CPU.ActiveCfg = Release|Any CPU
		{C8C39E70-0A24-412C-8C82-A35318353D31}.Release|Any CPU.Build.0 = Release|Any CPU
		{20FB322D-DB52-4DC3-B5AC-386FC6C96060}.Debug|Any CPU.ActiveCfg = Debug|Any CPU
		{20FB322D-DB52-4DC3-B5AC-386FC6C96060}.Debug|Any CPU.Build.0 = Debug|Any CPU
		{20FB322D-DB52-4DC3-B5AC-386FC6C96060}.Release|Any CPU.ActiveCfg = Release|Any CPU
		{20FB322D-DB52-4DC3-B5AC-386FC6C96060}.Release|Any CPU.Build.0 = Release|Any CPU
		{F7642DDF-4942-4A3C-B79B-7D81A3BD8303}.Debug|Any CPU.ActiveCfg = Debug|Any CPU
		{F7642DDF-4942-4A3C-B79B-7D81A3BD8303}.Debug|Any CPU.Build.0 = Debug|Any CPU
		{F7642DDF-4942-4A3C-B79B-7D81A3BD8303}.Release|Any CPU.ActiveCfg = Release|Any CPU
		{F7642DDF-4942-4A3C-B79B-7D81A3BD8303}.Release|Any CPU.Build.0 = Release|Any CPU
		{125762A0-1C05-419C-9FA8-C81B5293E9D4}.Debug|Any CPU.ActiveCfg = Debug|Any CPU
		{125762A0-1C05-419C-9FA8-C81B5293E9D4}.Debug|Any CPU.Build.0 = Debug|Any CPU
		{125762A0-1C05-419C-9FA8-C81B5293E9D4}.Release|Any CPU.ActiveCfg = Release|Any CPU
		{125762A0-1C05-419C-9FA8-C81B5293E9D4}.Release|Any CPU.Build.0 = Release|Any CPU
		{35CCA412-2BE6-4202-BD9D-23C450F1983C}.Debug|Any CPU.ActiveCfg = Debug|Any CPU
		{35CCA412-2BE6-4202-BD9D-23C450F1983C}.Debug|Any CPU.Build.0 = Debug|Any CPU
		{35CCA412-2BE6-4202-BD9D-23C450F1983C}.Release|Any CPU.ActiveCfg = Release|Any CPU
		{35CCA412-2BE6-4202-BD9D-23C450F1983C}.Release|Any CPU.Build.0 = Release|Any CPU
		{D3B34E9B-68B6-4627-8AF8-74454E56BB40}.Debug|Any CPU.ActiveCfg = Debug|Any CPU
		{D3B34E9B-68B6-4627-8AF8-74454E56BB40}.Debug|Any CPU.Build.0 = Debug|Any CPU
		{D3B34E9B-68B6-4627-8AF8-74454E56BB40}.Release|Any CPU.ActiveCfg = Release|Any CPU
		{D3B34E9B-68B6-4627-8AF8-74454E56BB40}.Release|Any CPU.Build.0 = Release|Any CPU
		{74E325DA-E4B6-42AC-93E9-11AB5B15D2C5}.Debug|Any CPU.ActiveCfg = Debug|Any CPU
		{74E325DA-E4B6-42AC-93E9-11AB5B15D2C5}.Debug|Any CPU.Build.0 = Debug|Any CPU
		{74E325DA-E4B6-42AC-93E9-11AB5B15D2C5}.Release|Any CPU.ActiveCfg = Release|Any CPU
		{74E325DA-E4B6-42AC-93E9-11AB5B15D2C5}.Release|Any CPU.Build.0 = Release|Any CPU
	EndGlobalSection
	GlobalSection(SolutionProperties) = preSolution
		HideSolutionNode = FALSE
	EndGlobalSection
	GlobalSection(ExtensibilityGlobals) = postSolution
		SolutionGuid = {A3835EDB-7C39-4A32-9F5E-D8BD93615AFD}
	EndGlobalSection
EndGlobal
